Microsoft Visual Studio Solution File, Format Version 12.00
# Visual Studio Version 17
VisualStudioVersion = 17.5.2.0
MinimumVisualStudioVersion = 10.0.40219.1
Project("{FAE04EC0-301F-11D3-BF4B-00C04F79EFBC}") = "MessageApp", "MessageApp\MessageApp.csproj", "{571CAFAB-1A7B-9E0A-8DA6-EFA3938539FD}"
EndProject
Global
	GlobalSection(SolutionConfigurationPlatforms) = preSolution
		Debug|Any CPU = Debug|Any CPU
		Release|Any CPU = Release|Any CPU
	EndGlobalSection
	GlobalSection(ProjectConfigurationPlatforms) = postSolution
		{571CAFAB-1A7B-9E0A-8DA6-EFA3938539FD}.Debug|Any CPU.ActiveCfg = Debug|Any CPU
		{571CAFAB-1A7B-9E0A-8DA6-EFA3938539FD}.Debug|Any CPU.Build.0 = Debug|Any CPU
		{571CAFAB-1A7B-9E0A-8DA6-EFA3938539FD}.Release|Any CPU.ActiveCfg = Release|Any CPU
		{571CAFAB-1A7B-9E0A-8DA6-EFA3938539FD}.Release|Any CPU.Build.0 = Release|Any CPU
	EndGlobalSection
	GlobalSection(SolutionProperties) = preSolution
		HideSolutionNode = FALSE
	EndGlobalSection
	GlobalSection(ExtensibilityGlobals) = postSolution
		SolutionGuid = {33255D66-873D-4CC3-B0B2-34671E417872}
	EndGlobalSection
EndGlobal
